
Microsoft Visual Studio Solution File, Format Version 12.00
# Visual Studio Version 16
VisualStudioVersion = 16.0.33529.622
MinimumVisualStudioVersion = 10.0.40219.1
Project("{FAE04EC0-301F-11D3-BF4B-00C04F79EFBC}") = "RestaurantManagement", "RestaurantManagement\RestaurantManagement.csproj", "{09660DB5-7F78-4E95-B009-F199D4990F4C}"
EndProject
Global
	GlobalSection(SolutionConfigurationPlatforms) = preSolution
		Debug|Any CPU = Debug|Any CPU
		Release|Any CPU = Release|Any CPU
	EndGlobalSection
	GlobalSection(ProjectConfigurationPlatforms) = postSolution
		{09660DB5-7F78-4E95-B009-F199D4990F4C}.Debug|Any CPU.ActiveCfg = Debug|Any CPU
		{09660DB5-7F78-4E95-B009-F199D4990F4C}.Debug|Any CPU.Build.0 = Debug|Any CPU
		{09660DB5-7F78-4E95-B009-F199D4990F4C}.Release|Any CPU.ActiveCfg = Release|Any CPU
		{09660DB5-7F78-4E95-B009-F199D4990F4C}.Release|Any CPU.Build.0 = Release|Any CPU
	EndGlobalSection
	GlobalSection(SolutionProperties) = preSolution
		HideSolutionNode = FALSE
	EndGlobalSection
	GlobalSection(ExtensibilityGlobals) = postSolution
		SolutionGuid = {BD704D2B-5F5F-48C0-9B0D-A61C67A7340A}
	EndGlobalSection
EndGlobal
